PODS:
  - CocoaLumberjack (3.8.2):
    - CocoaLumberjack/Core (= 3.8.2)
  - CocoaLumberjack/Core (3.8.2)
  - SDWebImage/Core (5.18.10)
  - SDWebImageSVGKitPlugin (1.4.0):
    - SDWebImage/Core (~> 5.10)
    - SVGKit (~> 3.0)
  - SVGKit (3.0.0):
    - CocoaLumberjack (~> 3.0)
  - Swinject (2.8.3)

DEPENDENCIES:
  - SDWebImageSVGKitPlugin
  - Swinject

SPEC REPOS:
  trunk:
    - CocoaLumberjack
    - SDWebImage
    - SDWebImageSVGKitPlugin
    - SVGKit
    - Swinject

SPEC CHECKSUMS:
  CocoaLumberjack: f8d89a516e7710fdb2e9b8f1560b16ec6040eef0
  SDWebImage: fc8f2d48bbfd72ef39d70e981bd24a3f3be53fec
  SDWebImageSVGKitPlugin: 7542dd07c344ec3415ded0461a1161a6f087e0c9
  SVGKit: 1ad7513f8c74d9652f94ed64ddecda1a23864dea
  Swinject: 893c9a543000ac2f10ee4cbaf0933c6992c935d5

PODFILE CHECKSUM: 7bc5d4ff679977d1b5c6021a6f12e5fbd94614e3

COCOAPODS: 1.13.0
